
Microsoft Visual Studio Solution File, Format Version 12.00
# Visual Studio 2017
Project("{FAE04EC0-301F-11D3-BF4B-00C04F79EFBC}") = "Tetris.v2", "Tetris.v2.csproj", "{061E08EF-0506-965A-15AB-8638E6D756C1}"
EndProject
Global
	GlobalSection(SolutionConfigurationPlatforms) = preSolution
		Debug|Any CPU = Debug|Any CPU
		Release|Any CPU = Release|Any CPU
	EndGlobalSection
	GlobalSection(ProjectConfigurationPlatforms) = postSolution
		{061E08EF-0506-965A-15AB-8638E6D756C1}.Debug|Any CPU.ActiveCfg = Debug|Any CPU
		{061E08EF-0506-965A-15AB-8638E6D756C1}.Debug|Any CPU.Build.0 = Debug|Any CPU
		{061E08EF-0506-965A-15AB-8638E6D756C1}.Release|Any CPU.ActiveCfg = Release|Any CPU
		{061E08EF-0506-965A-15AB-8638E6D756C1}.Release|Any CPU.Build.0 = Release|Any CPU
	EndGlobalSection
	GlobalSection(SolutionProperties) = preSolution
		HideSolutionNode = FALSE
	EndGlobalSection
EndGlobal
